{
    "_meta": {
        "hash": {
            "sha256": "62d5d98baf95644e6887491f0a239afbe0f64459488cc38b35c15dd418234514"
        },
        "pipfile-spec": 6,
        "requires": {
            "python_full_version": "3.14.4"
        },
        "sources": [
            {
                "name": "pypi",
                "url": "https://pypi.org/simple",
                "verify_ssl": true
            }
        ]
    },
    "default": {
        "boto3": {
            "hashes": [
                "sha256:67510ef57a79f0d53b963b0dd1d1741d1e3de1eb2ef6cf1737b6a6bddd34b8cb",
                "sha256:8dbb1a129c693313218a099d4f086f3bb48f50159b74b5bd8869e1037fde4101"
            ],
            "markers": "python_version >= '3.10'",
            "version": "==1.43.15"
        },
        "botocore": {
            "hashes": [
                "sha256:bda4923998d1bf17f8eb6bc767a0923fbb9e525ecd50f839b041e469b46e1c94",
                "sha256:eed2e24962af03ec361a1dc6924f6b2cff0215a0a2f5c690eab655f43d1f700f"
            ],
            "markers": "python_version >= '3.10'",
            "version": "==1.43.15"
        },
        "docopt": {
            "hashes": [
                "sha256:49b3a825280bd66b3aa83585ef59c4a8c82f2c8a522dbe754a8bc8d08c85c491"
            ],
            "version": "==0.6.2"
        },
        "ec2-metadata": {
            "hashes": [
                "sha256:12d7e268ce0cb16bf6edc4bed5517f10fc09006aacc3c34ff3421dae90bb08ea",
                "sha256:c0b0768c63529ebeaeaf232ebeee61f777849bd6ae2461ac8c087481ca458cc2"
            ],
            "markers": "python_version >= '3.10'",
            "version": "==3.0.0"
        },
        "guacscanner": {
            "file": "https://github.com/cisagov/guacscanner/archive/v3.0.2.tar.gz"
        },
        "jmespath": {
            "hashes": [
                "sha256:472c87d80f36026ae83c6ddd0f1d05d4e510134ed462851fd5f754c8c3cbb88d",
                "sha256:a5663118de4908c91729bea0acadca56526eb2698e83de10cd116ae0f4e97c64"
            ],
            "markers": "python_version >= '3.9'",
            "version": "==1.1.0"
        },
        "psycopg": {
            "extras": [
                "binary"
            ],
            "hashes": [
                "sha256:b6bbc25ccf05c8fad3b061d9db2ef0909a555171b84b07f29458a447253d679a",
                "sha256:e21207764952cff81b6b8bdacad9a3939f2793367fdac2987b3aac36a651b5bc"
            ],
            "markers": "python_version >= '3.10'",
            "version": "==3.3.4"
        },
        "psycopg-binary": {
            "hashes": [
                "sha256:018fbed325936da502feb546642c982dcc4b9ffdea32dfef78dbf3b7f7ad4070",
                "sha256:0579252a1202cd73e4da137a1426e2dae993ae44e757605344282af3a082848c",
                "sha256:136f199a407b5348b9b857c504aff60c77622a28482e7195839ce1b51238c4cc",
                "sha256:13a7f380824c35896dcac7fe0f61440f7ca49d6dc73f3c13a9a4471e6a3b302e",
                "sha256:17a21953a9e5ff3a16dab692625a3676e2f101db5e40072f39dbee2250194d68",
                "sha256:1dc1f79fd16bb1f3f4421417a514607539f17804d95c7ed617265369d1981cae",
                "sha256:1fbaa292a3c8bb61b45df1ad3da1908ccee7cb889db9425e3557d9e34e2a4829",
                "sha256:22cdbf5f91ef7bb91fe0c5757e1962d3127a8010256eefd9c61fcaf441802097",
                "sha256:26df2717e59c0473e4465a97dfb1b7afebaa479277870fd5784d1436470db47c",
                "sha256:276904e3452d6a23d474ef9a21eee19f20eed3d53ddd2576af033827e0ba0992",
                "sha256:28b7398fdd19db3232c884fb24550bdfe951221f510e195e233299e4c9b78f97",
                "sha256:2c09aad7051326e7603c14e50636db9c01f78272dc54b3accff03d46370461e6",
                "sha256:32a6fbf8481e3a370d0d72b860d35948a693cb01281da217f7b2f307636e591a",
                "sha256:41f2ec0fea529832982bcb6c9415de3c86264ebe562b77a467c0fbcd7efbba8d",
                "sha256:46893c26858be12cc49ca4226ed6a60b4bfccadd946b3bebb783a60b38788228",
                "sha256:47c656a8a7ba6eb0cff1801a4caaa9c8bdc12d03080e273aff1c8ac39971a77e",
                "sha256:494ca54901be8cf9eb7e02c25b731f2317c378efa44f43e8f9bd0e1184ae7be4",
                "sha256:514404ed543efd620c85602b747df2a23cf1241b4067199e1a66f2d2757aaa41",
                "sha256:574ea21a9651958f1535c5a1c649c7409e9168bcbffa29a3f2f961f58b322949",
                "sha256:580ae30a5f95ccd90008ec697d3ed6a4a2047a516407ad904283fa42086936e9",
                "sha256:5ab28a2a7649df3b72e6b674b4c190e448e8e77cf496a65bd846472048de2089",
                "sha256:5c4ab71be17bdca30cb34c34c4e1496e2f5d6f20c199c12bad226070b22ef9bf",
                "sha256:612a627d733f695b1de1f9b4bd511c15f999a5d8b915d444bbd7dd71cf3370da",
                "sha256:6402a9d8146cf4b3974ded3fd28a971e83dc6a0333eb7822524a3aa20b546578",
                "sha256:6b9016b1714da4dd5ecaaa75b82098aa5a0b87854ce9b092e21c27c4ae23e014",
                "sha256:71e55ccbdfae79a2ed9c6369c3008a3025817ff9d7e27b32a2d84e2a4267e66e",
                "sha256:7465bfe6087d2d5b42d4c53b9b11ca9f218e477317a4a162a10e3c19e984ba8e",
                "sha256:75a9067e236f9b9ae3535b66fe99bddb33d39c0de10112e49b9ab11eee53dc31",
                "sha256:773d573e11f437ce0bdb95b7c18dc58390494f96d43f8b45b9760436114f7652",
                "sha256:77df19583501ea288eaf15ac0fe7ad01e6d8091a91d5c41df5c718f307d8e31b",
                "sha256:7f7668f30b9dd5163197e5cbf4e0efd54e00f0a859cc566ce56cfc31f4054839",
                "sha256:8c0056529e68dbe9184cd4019a1f3d8f3a4ead2f6fc7a5afcf27d3314edd1277",
                "sha256:94596f9e7633ee3f6440711d43bb70aa31cc0a46a900ab8b4201a366ace5c9e7",
                "sha256:ab8cca8ef8fb1ccf5b048ae5bd78ba55b9e4b5d472e3ce5ca39ff4d2a9c249e4",
                "sha256:ad3bc94054876155549fdaedf4a46d1ec69d39a5bcee377148afe498e84c4b8e",
                "sha256:b56b603ebcea8aa10b46228b8410ba7f13e7c2ee54389d4d9be0927fd8ce2a70",
                "sha256:b6f5a29e9c775b9f12a1a717aa7a2c80f9e1db6f27ba44a5b59c80ac61d2ffcf",
                "sha256:b7bfff1ca23732b488cbca3076fc11bc98d520ee122514fdb17a8e20d3338f5a",
                "sha256:bdef84570ebbce1d42b4e7ea952d21c414c5f118ad02fee00c5625f35e134429",
                "sha256:c37e024c07308cd06cf3ec51bfd0e7f6157585a4d84d1bce4a7f5f7913719bf8",
                "sha256:c677c4ad433cb7150c8cd304a0769ae3bcfbe5ea0676eb53faa7b1443b16d0d3",
                "sha256:cf7f73a4a792bc5db58a4b385d8a1467e8d468f7548702fb0ed1e9b7501b1c13",
                "sha256:cffc3408d77a27973f33e5d909b624cce683db5fc25964b02fe0aae7886c1007",
                "sha256:d7b4d40c153fa352ab3cca530f3a0baedf7621b2ebcbd7f084009522c21788fc",
                "sha256:dbfdb9b6cc79f31104a7b162a2b921b765fcc62af6c00540a167a8de47e4ed38",
                "sha256:df1d567fc430f6df15c9fcf67d87685fc49bdb325adc0db5af1adfb2f44eb5c9",
                "sha256:e2631da29253a98bd496e6c4813b24e09a4fe3fb2a9e88513305d6f8747cce95",
                "sha256:e7510c37550f91a187e3660a8cc50d4b760f8c3b8b2f89ebc5698cd2c7f2c85d",
                "sha256:eb05ee1c2b817d27c537333224c9e83c7afb86fe7296ba970990068baf819b16",
                "sha256:eb4eed2079c01a4850bf467deacfab56d356d4225040170af03dc9958321242d",
                "sha256:ee17a2cf4943cde261adfad1bbc5bf38d6b3776d7afff74c7cabcbeaeb08c260",
                "sha256:f80e3f2b5331dbbf0901bcb658056c03eeb2c1ef31d774afb0d61598b242e744",
                "sha256:f9b1c2533af01cd7648378599f82b0b8ae32f293296e6eec5753a625bc97ef28",
                "sha256:fa1cbc10768a796c96d3243656016bf4e337c81c71097270bb7b0ad6210d9765",
                "sha256:fbd1d4ed566895ad2d3bf4ddfd8bae90026930ddf29df3b9d91d32c8c47866a7"
            ],
            "markers": "python_version >= '3.10'",
            "version": "==3.3.4"
        },
        "python-dateutil": {
            "hashes": [
                "sha256:37dd54208da7e1cd875388217d5e00ebd4179249f90fb72437e91a35459a0ad3",
                "sha256:a8b2bc7bffae282281c8140a97d3aa9c14da0b136dfe83f850eea9a5f7470427"
            ],
            "markers": "python_version >= '2.7' and python_version not in '3.0, 3.1, 3.2'",
            "version": "==2.9.0.post0"
        },
        "s3transfer": {
            "hashes": [
                "sha256:042dd5e3b1b512355e35a23f0223e426b7042e80b97830ea2680ddce327fc45e",
                "sha256:5b9827d1044159bbb01b86ef8902760ea39281927f5de31de75e1d657177bf4c"
            ],
            "markers": "python_version >= '3.10'",
            "version": "==0.17.1"
        },
        "schema": {
            "hashes": [
                "sha256:00bd977fadc7d9521bf289850cd8a8aa5f4948f575476b8daaa5c1b57af2dce1",
                "sha256:e86cc08edd6fe6e2522648f4e47e3a31920a76e82cce8937535422e310862ab5"
            ],
            "version": "==0.7.8"
        },
        "six": {
            "hashes": [
                "sha256:4721f391ed90541fddacab5acf947aa0d3dc7d27b2e1e8eda2be8970586c3274",
                "sha256:ff70335d468e7eb6ec65b95b99d3a2836546063f63acc5171de367e834932a81"
            ],
            "markers": "python_version >= '2.7' and python_version not in '3.0, 3.1, 3.2'",
            "version": "==1.17.0"
        },
        "urllib3": {
            "hashes": [
                "sha256:231e0ec3b63ceb14667c67be60f2f2c40a518cb38b03af60abc813da26505f4c",
                "sha256:9fb4c81ebbb1ce9531cce37674bbc6f1360472bc18ca9a553ede278ef7276897"
            ],
            "markers": "python_version >= '3.10'",
            "version": "==2.7.0"
        }
    },
    "develop": {}
}
